
Microsoft Visual Studio Solution File, Format Version 12.00
# Visual Studio Version 16
VisualStudioVersion = 16.0.29009.5
MinimumVisualStudioVersion = 10.0.40219.1
Project("{FAE04EC0-301F-11D3-BF4B-00C04F79EFBC}") = "PushPin", "PushPin.csproj", "{2B5134EF-4346-4179-BE24-B5A825FB6245}"
EndProject
Global
	GlobalSection(SolutionConfigurationPlatforms) = preSolution
		Debug|Any CPU = Debug|Any CPU
		Release|Any CPU = Release|Any CPU
	EndGlobalSection
	GlobalSection(ProjectConfigurationPlatforms) = postSolution
		{2B5134EF-4346-4179-BE24-B5A825FB6245}.Debug|Any CPU.ActiveCfg = Debug|Any CPU
		{2B5134EF-4346-4179-BE24-B5A825FB6245}.Debug|Any CPU.Build.0 = Debug|Any CPU
		{2B5134EF-4346-4179-BE24-B5A825FB6245}.Release|Any CPU.ActiveCfg = Release|Any CPU
		{2B5134EF-4346-4179-BE24-B5A825FB6245}.Release|Any CPU.Build.0 = Release|Any CPU
	EndGlobalSection
	GlobalSection(SolutionProperties) = preSolution
		HideSolutionNode = FALSE
	EndGlobalSection
	GlobalSection(ExtensibilityGlobals) = postSolution
		SolutionGuid = {995DA38F-957D-4A01-9E50-6BBA762EF6D5}
	EndGlobalSection
EndGlobal
